PODS:
  - BluedotPointSDK (15.4.1)
  - MarketingCloudSDK (7.3.1)

DEPENDENCIES:
  - BluedotPointSDK
  - MarketingCloudSDK

SPEC REPOS:
  trunk:
    - BluedotPointSDK
    - MarketingCloudSDK

SPEC CHECKSUMS:
  BluedotPointSDK: e6afdbe1c4a01d867d6533e1a84c9d03f213cba2
  MarketingCloudSDK: 87e649880a6ecf61400b9150ccc4e81da2db61cd

PODFILE CHECKSUM: e9c7c824c6861ad9230343e7b2cdc3c0b2b9706e

COCOAPODS: 1.10.1
